<?xml version="1.0" encoding="utf-8"?>
<Project ToolsVersion="4.0" xmlns="http://schemas.microsoft.com/developer/msbuild/2003">
  <ItemGroup>
    <ClCompile Include="src\AABB.cpp" />
    <ClCompile Include="src\Enemy.cpp" />
    <ClCompile Include="src\EnemyManager.cpp" />
    <ClCompile Include="src\Object.cpp" />
    <ClCompile Include="src\Shot.cpp" />
    <ClCompile Include="src\ShotManager.cpp" />
    <ClCompile Include="src\Slime.cpp" />
    <ClCompile Include="src\StaticImage.cpp" />
    <ClCompile Include="src\Turret.cpp" />
    <ClCompile Include="src\Entity.cpp">
      <Filter>Entidades</Filter>
    </ClCompile>
    <ClCompile Include="src\Player.cpp">
      <Filter>Entidades</Filter>
    </ClCompile>
    <ClCompile Include="src\RenderComponent.cpp">
      <Filter>Renderizado</Filter>
    </ClCompile>
    <ClCompile Include="src\Sprite.cpp">
      <Filter>Renderizado</Filter>
    </ClCompile>
    <ClCompile Include="src\Scene.cpp">
      <Filter>Nucleo</Filter>
    </ClCompile>
    <ClCompile Include="src\Game.cpp">
      <Filter>Nucleo</Filter>
    </ClCompile>
    <ClCompile Include="src\TileMap.cpp">
      <Filter>Nucleo</Filter>
    </ClCompile>
    <ClCompile Include="src\Globals.cpp">
      <Filter>Aplicación</Filter>
    </ClCompile>
    <ClCompile Include="src\main.cpp">
      <Filter>Aplicación</Filter>
    </ClCompile>
    <ClCompile Include="src\ResourceManager.cpp">
      <Filter>Aplicación</Filter>
    </ClCompile>
  </ItemGroup>
  <ItemGroup>
    <ClInclude Include="dependencies\raylib\include\raylib.h" />
    <ClInclude Include="dependencies\raylib\include\raymath.h" />
    <ClInclude Include="src\AABB.h" />
    <ClInclude Include="src\Enemy.h" />
    <ClInclude Include="src\EnemyManager.h" />
    <ClInclude Include="src\Object.h" />
    <ClInclude Include="src\Shot.h" />
    <ClInclude Include="src\ShotManager.h" />
    <ClInclude Include="src\Slime.h" />
    <ClInclude Include="src\StaticImage.h" />
    <ClInclude Include="src\Turret.h" />
    <ClInclude Include="src\Entity.h">
      <Filter>Entidades</Filter>
    </ClInclude>
    <ClInclude Include="src\Player.h">
      <Filter>Entidades</Filter>
    </ClInclude>
    <ClInclude Include="src\Point.h">
      <Filter>Entidades</Filter>
    </ClInclude>
    <ClInclude Include="src\RenderComponent.h">
      <Filter>Renderizado</Filter>
    </ClInclude>
    <ClInclude Include="src\Sprite.h">
      <Filter>Renderizado</Filter>
    </ClInclude>
    <ClInclude Include="src\Scene.h">
      <Filter>Nucleo</Filter>
    </ClInclude>
    <ClInclude Include="src\Game.h">
      <Filter>Nucleo</Filter>
    </ClInclude>
    <ClInclude Include="src\TileMap.h">
      <Filter>Nucleo</Filter>
    </ClInclude>
    <ClInclude Include="src\Globals.h">
      <Filter>Aplicación</Filter>
    </ClInclude>
    <ClInclude Include="src\MemLeaks.h">
      <Filter>Aplicación</Filter>
    </ClInclude>
    <ClInclude Include="src\ResourceManager.h">
      <Filter>Aplicación</Filter>
    </ClInclude>
  </ItemGroup>
  <ItemGroup>
    <Library Include="dependencies\raylib\lib\raylib.lib" />
  </ItemGroup>
  <ItemGroup>
    <Filter Include="Entidades">
      <UniqueIdentifier>{79c4c1b6-eb75-43d1-b99f-bbef750fb69d}</UniqueIdentifier>
    </Filter>
    <Filter Include="Renderizado">
      <UniqueIdentifier>{de3ba554-a8da-4a6f-a5e0-a6762bda0b5f}</UniqueIdentifier>
    </Filter>
    <Filter Include="Nucleo">
      <UniqueIdentifier>{adfd65bb-c085-4052-b543-df21658af8d9}</UniqueIdentifier>
    </Filter>
    <Filter Include="Aplicación">
      <UniqueIdentifier>{8d30e70a-aa13-410e-8ef5-3c9c779f0f22}</UniqueIdentifier>
    </Filter>
  </ItemGroup>
</Project>